// !$*UTF8*$!
{
	archiveVersion = 1;
	classes = {
	};
	objectVersion = 46;
	objects = {

/* Begin PBXBuildFile section */
		0F8383101F2051DB00112139 /* ZZHttpModel.m in Sources */ = {isa = PBXBuildFile; fileRef = 0F83830F1F2051DB00112139 /* ZZHttpModel.m */; };
		0F8383181F20870A00112139 /* NSJSONSerialization+Extension.m in Sources */ = {isa = PBXBuildFile; fileRef = 0F8383171F20870A00112139 /* NSJSONSerialization+Extension.m */; };
		0FF1B2E21F1F5EEF00FB2F88 /* main.m in Sources */ = {isa = PBXBuildFile; fileRef = 0FF1B2E11F1F5EEF00FB2F88 /* main.m */; };
		0FF1B2E51F1F5EEF00FB2F88 /* AppDelegate.m in Sources */ = {isa = PBXBuildFile; fileRef = 0FF1B2E41F1F5EEF00FB2F88 /* AppDelegate.m */; };
		0FF1B2E81F1F5EEF00FB2F88 /* ViewController.m in Sources */ = {isa = PBXBuildFile; fileRef = 0FF1B2E71F1F5EEF00FB2F88 /* ViewController.m */; };
		0FF1B2EB1F1F5EEF00FB2F88 /* Main.storyboard in Resources */ = {isa = PBXBuildFile; fileRef = 0FF1B2E91F1F5EEF00FB2F88 /* Main.storyboard */; };
		0FF1B2ED1F1F5EEF00FB2F88 /* Assets.xcassets in Resources */ = {isa = PBXBuildFile; fileRef = 0FF1B2EC1F1F5EEF00FB2F88 /* Assets.xcassets */; };
		0FF1B2F01F1F5EEF00FB2F88 /* LaunchScreen.storyboard in Resources */ = {isa = PBXBuildFile; fileRef = 0FF1B2EE1F1F5EEF00FB2F88 /* LaunchScreen.storyboard */; };
		0FF1B2FB1F1F5EEF00FB2F88 /* ZZHttpModelTests.m in Sources */ = {isa = PBXBuildFile; fileRef = 0FF1B2FA1F1F5EEF00FB2F88 /* ZZHttpModelTests.m */; };
		0FF1B3061F1F5EEF00FB2F88 /* ZZHttpModelUITests.m in Sources */ = {isa = PBXBuildFile; fileRef = 0FF1B3051F1F5EEF00FB2F88 /* ZZHttpModelUITests.m */; };
		0FF1B3181F1F5F3100FB2F88 /* NSObject+HttpModel.m in Sources */ = {isa = PBXBuildFile; fileRef = 0FF1B3151F1F5F3100FB2F88 /* NSObject+HttpModel.m */; };
		0FF1B3191F1F5F3100FB2F88 /* ZZClassProperty.m in Sources */ = {isa = PBXBuildFile; fileRef = 0FF1B3171F1F5F3100FB2F88 /* ZZClassProperty.m */; };
		11DC37D1D0B53A3F0900169D /* libPods-ZZHttpModel.a in Frameworks */ = {isa = PBXBuildFile; fileRef = B05665F40CD578EDC8ADD641 /* libPods-ZZHttpModel.a */; };
/* End PBXBuildFile section */

/* Begin PBXContainerItemProxy section */
		0FF1B2F71F1F5EEF00FB2F88 /* PBXContainerItemProxy */ = {
			isa = PBXContainerItemProxy;
			containerPortal = 0FF1B2D51F1F5EEF00FB2F88 /* Project object */;
			proxyType = 1;
			remoteGlobalIDString = 0FF1B2DC1F1F5EEF00FB2F88;
			remoteInfo = ZZHttpModel;
		};
		0FF1B3021F1F5EEF00FB2F88 /* PBXContainerItemProxy */ = {
			isa = PBXContainerItemProxy;
			containerPortal = 0FF1B2D51F1F5EEF00FB2F88 /* Project object */;
			proxyType = 1;
			remoteGlobalIDString = 0FF1B2DC1F1F5EEF00FB2F88;
			remoteInfo = ZZHttpModel;
		};
/* End PBXContainerItemProxy section */

/* Begin PBXFileReference section */
		0F83830E1F2051DB00112139 /* ZZHttpModel.h */ = {isa = PBXFileReference; fileEncoding = 4; lastKnownFileType = sourcecode.c.h; path = ZZHttpModel.h; sourceTree = "<group>"; };
		0F83830F1F2051DB00112139 /* ZZHttpModel.m */ = {isa = PBXFileReference; fileEncoding = 4; lastKnownFileType = sourcecode.c.objc; path = ZZHttpModel.m; sourceTree = "<group>"; };
		0F8383161F20870A00112139 /* NSJSONSerialization+Extension.h */ = {isa = PBXFileReference; fileEncoding = 4; lastKnownFileType = sourcecode.c.h; path = "NSJSONSerialization+Extension.h"; sourceTree = "<group>"; };
		0F8383171F20870A00112139 /* NSJSONSerialization+Extension.m */ = {isa = PBXFileReference; fileEncoding = 4; lastKnownFileType = sourcecode.c.objc; path = "NSJSONSerialization+Extension.m"; sourceTree = "<group>"; };
		0FF1B2DD1F1F5EEF00FB2F88 /* ZZHttpModel.app */ = {isa = PBXFileReference; explicitFileType = wrapper.application; includeInIndex = 0; path = ZZHttpModel.app; sourceTree = BUILT_PRODUCTS_DIR; };
		0FF1B2E11F1F5EEF00FB2F88 /* main.m */ = {isa = PBXFileReference; lastKnownFileType = sourcecode.c.objc; path = main.m; sourceTree = "<group>"; };
		0FF1B2E31F1F5EEF00FB2F88 /* AppDelegate.h */ = {isa = PBXFileReference; lastKnownFileType = sourcecode.c.h; path = AppDelegate.h; sourceTree = "<group>"; };
		0FF1B2E41F1F5EEF00FB2F88 /* AppDelegate.m */ = {isa = PBXFileReference; lastKnownFileType = sourcecode.c.objc; path = AppDelegate.m; sourceTree = "<group>"; };
		0FF1B2E61F1F5EEF00FB2F88 /* ViewController.h */ = {isa = PBXFileReference; lastKnownFileType = sourcecode.c.h; path = ViewController.h; sourceTree = "<group>"; };
		0FF1B2E71F1F5EEF00FB2F88 /* ViewController.m */ = {isa = PBXFileReference; lastKnownFileType = sourcecode.c.objc; path = ViewController.m; sourceTree = "<group>"; };
		0FF1B2EA1F1F5EEF00FB2F88 /* Base */ = {isa = PBXFileReference; lastKnownFileType = file.storyboard; name = Base; path = Base.lproj/Main.storyboard; sourceTree = "<group>"; };
		0FF1B2EC1F1F5EEF00FB2F88 /* Assets.xcassets */ = {isa = PBXFileReference; lastKnownFileType = folder.assetcatalog; path = Assets.xcassets; sourceTree = "<group>"; };
		0FF1B2EF1F1F5EEF00FB2F88 /* Base */ = {isa = PBXFileReference; lastKnownFileType = file.storyboard; name = Base; path = Base.lproj/LaunchScreen.storyboard; sourceTree = "<group>"; };
		0FF1B2F11F1F5EEF00FB2F88 /* Info.plist */ = {isa = PBXFileReference; lastKnownFileType = text.plist.xml; path = Info.plist; sourceTree = "<group>"; };
		0FF1B2F61F1F5EEF00FB2F88 /* ZZHttpModelTests.xctest */ = {isa = PBXFileReference; explicitFileType = wrapper.cfbundle; includeInIndex = 0; path = ZZHttpModelTests.xctest; sourceTree = BUILT_PRODUCTS_DIR; };
		0FF1B2FA1F1F5EEF00FB2F88 /* ZZHttpModelTests.m */ = {isa = PBXFileReference; lastKnownFileType = sourcecode.c.objc; path = ZZHttpModelTests.m; sourceTree = "<group>"; };
		0FF1B2FC1F1F5EEF00FB2F88 /* Info.plist */ = {isa = PBXFileReference; lastKnownFileType = text.plist.xml; path = Info.plist; sourceTree = "<group>"; };
		0FF1B3011F1F5EEF00FB2F88 /* ZZHttpModelUITests.xctest */ = {isa = PBXFileReference; explicitFileType = wrapper.cfbundle; includeInIndex = 0; path = ZZHttpModelUITests.xctest; sourceTree = BUILT_PRODUCTS_DIR; };
		0FF1B3051F1F5EEF00FB2F88 /* ZZHttpModelUITests.m */ = {isa = PBXFileReference; lastKnownFileType = sourcecode.c.objc; path = ZZHttpModelUITests.m; sourceTree = "<group>"; };
		0FF1B3071F1F5EEF00FB2F88 /* Info.plist */ = {isa = PBXFileReference; lastKnownFileType = text.plist.xml; path = Info.plist; sourceTree = "<group>"; };
		0FF1B3141F1F5F3100FB2F88 /* NSObject+HttpModel.h */ = {isa = PBXFileReference; fileEncoding = 4; lastKnownFileType = sourcecode.c.h; path = "NSObject+HttpModel.h"; sourceTree = "<group>"; };
		0FF1B3151F1F5F3100FB2F88 /* NSObject+HttpModel.m */ = {isa = PBXFileReference; fileEncoding = 4; lastKnownFileType = sourcecode.c.objc; path = "NSObject+HttpModel.m"; sourceTree = "<group>"; };
		0FF1B3161F1F5F3100FB2F88 /* ZZClassProperty.h */ = {isa = PBXFileReference; fileEncoding = 4; lastKnownFileType = sourcecode.c.h; path = ZZClassProperty.h; sourceTree = "<group>"; };
		0FF1B3171F1F5F3100FB2F88 /* ZZClassProperty.m */ = {isa = PBXFileReference; fileEncoding = 4; lastKnownFileType = sourcecode.c.objc; path = ZZClassProperty.m; sourceTree = "<group>"; };
		38AD58EB47A654AC423DBD92 /* Pods-ZZHttpModel.debug.xcconfig */ = {isa = PBXFileReference; includeInIndex = 1; lastKnownFileType = text.xcconfig; name = "Pods-ZZHttpModel.debug.xcconfig"; path = "Pods/Target Support Files/Pods-ZZHttpModel/Pods-ZZHttpModel.debug.xcconfig"; sourceTree = "<group>"; };
		7D36E466FF8B563A2971ACFF /* Pods-ZZHttpModel.release.xcconfig */ = {isa = PBXFileReference; includeInIndex = 1; lastKnownFileType = text.xcconfig; name = "Pods-ZZHttpModel.release.xcconfig"; path = "Pods/Target Support Files/Pods-ZZHttpModel/Pods-ZZHttpModel.release.xcconfig"; sourceTree = "<group>"; };
		B05665F40CD578EDC8ADD641 /* libPods-ZZHttpModel.a */ = {isa = PBXFileReference; explicitFileType = archive.ar; includeInIndex = 0; path = "libPods-ZZHttpModel.a"; sourceTree = BUILT_PRODUCTS_DIR; };
/* End PBXFileReference section */

/* Begin PBXFrameworksBuildPhase section */
		0FF1B2DA1F1F5EEF00FB2F88 /* Frameworks */ = {
			isa = PBXFrameworksBuildPhase;
			buildActionMask = 2147483647;
			files = (
				11DC37D1D0B53A3F0900169D /* libPods-ZZHttpModel.a in Frameworks */,
			);
			runOnlyForDeploymentPostprocessing = 0;
		};
		0FF1B2F31F1F5EEF00FB2F88 /* Frameworks */ = {
			isa = PBXFrameworksBuildPhase;
			buildActionMask = 2147483647;
			files = (
			);
			runOnlyForDeploymentPostprocessing = 0;
		};
		0FF1B2FE1F1F5EEF00FB2F88 /* Frameworks */ = {
			isa = PBXFrameworksBuildPhase;
			buildActionMask = 2147483647;
			files = (
			);
			runOnlyForDeploymentPostprocessing = 0;
		};
/* End PBXFrameworksBuildPhase section */

/* Begin PBXGroup section */
		0FF1B2D41F1F5EEF00FB2F88 = {
			isa = PBXGroup;
			children = (
				0FF1B2DF1F1F5EEF00FB2F88 /* ZZHttpModel */,
				0FF1B2F91F1F5EEF00FB2F88 /* ZZHttpModelTests */,
				0FF1B3041F1F5EEF00FB2F88 /* ZZHttpModelUITests */,
				0FF1B2DE1F1F5EEF00FB2F88 /* Products */,
				40514FC2FB135F4AE7569887 /* Pods */,
				64C91F972071EC032580363D /* Frameworks */,
			);
			sourceTree = "<group>";
		};
		0FF1B2DE1F1F5EEF00FB2F88 /* Products */ = {
			isa = PBXGroup;
			children = (
				0FF1B2DD1F1F5EEF00FB2F88 /* ZZHttpModel.app */,
				0FF1B2F61F1F5EEF00FB2F88 /* ZZHttpModelTests.xctest */,
				0FF1B3011F1F5EEF00FB2F88 /* ZZHttpModelUITests.xctest */,
			);
			name = Products;
			sourceTree = "<group>";
		};
		0FF1B2DF1F1F5EEF00FB2F88 /* ZZHttpModel */ = {
			isa = PBXGroup;
			children = (
				0FF1B3131F1F5F3100FB2F88 /* Src */,
				0FF1B2E31F1F5EEF00FB2F88 /* AppDelegate.h */,
				0FF1B2E41F1F5EEF00FB2F88 /* AppDelegate.m */,
				0FF1B2E61F1F5EEF00FB2F88 /* ViewController.h */,
				0FF1B2E71F1F5EEF00FB2F88 /* ViewController.m */,
				0F8383161F20870A00112139 /* NSJSONSerialization+Extension.h */,
				0F8383171F20870A00112139 /* NSJSONSerialization+Extension.m */,
				0FF1B2E91F1F5EEF00FB2F88 /* Main.storyboard */,
				0FF1B2EC1F1F5EEF00FB2F88 /* Assets.xcassets */,
				0FF1B2EE1F1F5EEF00FB2F88 /* LaunchScreen.storyboard */,
				0FF1B2F11F1F5EEF00FB2F88 /* Info.plist */,
				0FF1B2E01F1F5EEF00FB2F88 /* Supporting Files */,
			);
			path = ZZHttpModel;
			sourceTree = "<group>";
		};
		0FF1B2E01F1F5EEF00FB2F88 /* Supporting Files */ = {
			isa = PBXGroup;
			children = (
				0FF1B2E11F1F5EEF00FB2F88 /* main.m */,
			);
			name = "Supporting Files";
			sourceTree = "<group>";
		};
		0FF1B2F91F1F5EEF00FB2F88 /* ZZHttpModelTests */ = {
			isa = PBXGroup;
			children = (
				0FF1B2FA1F1F5EEF00FB2F88 /* ZZHttpModelTests.m */,
				0FF1B2FC1F1F5EEF00FB2F88 /* Info.plist */,
			);
			path = ZZHttpModelTests;
			sourceTree = "<group>";
		};
		0FF1B3041F1F5EEF00FB2F88 /* ZZHttpModelUITests */ = {
			isa = PBXGroup;
			children = (
				0FF1B3051F1F5EEF00FB2F88 /* ZZHttpModelUITests.m */,
				0FF1B3071F1F5EEF00FB2F88 /* Info.plist */,
			);
			path = ZZHttpModelUITests;
			sourceTree = "<group>";
		};
		0FF1B3131F1F5F3100FB2F88 /* Src */ = {
			isa = PBXGroup;
			children = (
				0FF1B3141F1F5F3100FB2F88 /* NSObject+HttpModel.h */,
				0FF1B3151F1F5F3100FB2F88 /* NSObject+HttpModel.m */,
				0FF1B3161F1F5F3100FB2F88 /* ZZClassProperty.h */,
				0FF1B3171F1F5F3100FB2F88 /* ZZClassProperty.m */,
				0F83830E1F2051DB00112139 /* ZZHttpModel.h */,
				0F83830F1F2051DB00112139 /* ZZHttpModel.m */,
			);
			path = Src;
			sourceTree = "<group>";
		};
		40514FC2FB135F4AE7569887 /* Pods */ = {
			isa = PBXGroup;
			children = (
				38AD58EB47A654AC423DBD92 /* Pods-ZZHttpModel.debug.xcconfig */,
				7D36E466FF8B563A2971ACFF /* Pods-ZZHttpModel.release.xcconfig */,
			);
			name = Pods;
			sourceTree = "<group>";
		};
		64C91F972071EC032580363D /* Frameworks */ = {
			isa = PBXGroup;
			children = (
				B05665F40CD578EDC8ADD641 /* libPods-ZZHttpModel.a */,
			);
			name = Frameworks;
			sourceTree = "<group>";
		};
/* End PBXGroup section */

/* Begin PBXNativeTarget section */
		0FF1B2DC1F1F5EEF00FB2F88 /* ZZHttpModel */ = {
			isa = PBXNativeTarget;
			buildConfigurationList = 0FF1B30A1F1F5EEF00FB2F88 /* Build configuration list for PBXNativeTarget "ZZHttpModel" */;
			buildPhases = (
				899D7701BEAC6A384C57EC90 /* [CP] Check Pods Manifest.lock */,
				0FF1B2D91F1F5EEF00FB2F88 /* Sources */,
				0FF1B2DA1F1F5EEF00FB2F88 /* Frameworks */,
				0FF1B2DB1F1F5EEF00FB2F88 /* Resources */,
				E26DE59D2DAE94380C8040BB /* [CP] Embed Pods Frameworks */,
				B1C23912D574C1CD6552D925 /* [CP] Copy Pods Resources */,
			);
			buildRules = (
			);
			dependencies = (
			);
			name = ZZHttpModel;
			productName = ZZHttpModel;
			productReference = 0FF1B2DD1F1F5EEF00FB2F88 /* ZZHttpModel.app */;
			productType = "com.apple.product-type.application";
		};
		0FF1B2F51F1F5EEF00FB2F88 /* ZZHttpModelTests */ = {
			isa = PBXNativeTarget;
			buildConfigurationList = 0FF1B30D1F1F5EEF00FB2F88 /* Build configuration list for PBXNativeTarget "ZZHttpModelTests" */;
			buildPhases = (
				0FF1B2F21F1F5EEF00FB2F88 /* Sources */,
				0FF1B2F31F1F5EEF00FB2F88 /* Frameworks */,
				0FF1B2F41F1F5EEF00FB2F88 /* Resources */,
			);
			buildRules = (
			);
			dependencies = (
				0FF1B2F81F1F5EEF00FB2F88 /* PBXTargetDependency */,
			);
			name = ZZHttpModelTests;
			productName = ZZHttpModelTests;
			productReference = 0FF1B2F61F1F5EEF00FB2F88 /* ZZHttpModelTests.xctest */;
			productType = "com.apple.product-type.bundle.unit-test";
		};
		0FF1B3001F1F5EEF00FB2F88 /* ZZHttpModelUITests */ = {
			isa = PBXNativeTarget;
			buildConfigurationList = 0FF1B3101F1F5EEF00FB2F88 /* Build configuration list for PBXNativeTarget "ZZHttpModelUITests" */;
			buildPhases = (
				0FF1B2FD1F1F5EEF00FB2F88 /* Sources */,
				0FF1B2FE1F1F5EEF00FB2F88 /* Frameworks */,
				0FF1B2FF1F1F5EEF00FB2F88 /* Resources */,
			);
			buildRules = (
			);
			dependencies = (
				0FF1B3031F1F5EEF00FB2F88 /* PBXTargetDependency */,
			);
			name = ZZHttpModelUITests;
			productName = ZZHttpModelUITests;
			productReference = 0FF1B3011F1F5EEF00FB2F88 /* ZZHttpModelUITests.xctest */;
			productType = "com.apple.product-type.bundle.ui-testing";
		};
/* End PBXNativeTarget section */

/* Begin PBXProject section */
		0FF1B2D51F1F5EEF00FB2F88 /* Project object */ = {
			isa = PBXProject;
			attributes = {
				LastUpgradeCheck = 0830;
				ORGANIZATIONNAME = yellow;
				TargetAttributes = {
					0FF1B2DC1F1F5EEF00FB2F88 = {
						CreatedOnToolsVersion = 8.3.2;
						DevelopmentTeam = 6X8465QS7A;
						ProvisioningStyle = Automatic;
					};
					0FF1B2F51F1F5EEF00FB2F88 = {
						CreatedOnToolsVersion = 8.3.2;
						ProvisioningStyle = Automatic;
						TestTargetID = 0FF1B2DC1F1F5EEF00FB2F88;
					};
					0FF1B3001F1F5EEF00FB2F88 = {
						CreatedOnToolsVersion = 8.3.2;
						ProvisioningStyle = Automatic;
						TestTargetID = 0FF1B2DC1F1F5EEF00FB2F88;
					};
				};
			};
			buildConfigurationList = 0FF1B2D81F1F5EEF00FB2F88 /* Build configuration list for PBXProject "ZZHttpModel" */;
			compatibilityVersion = "Xcode 3.2";
			developmentRegion = English;
			hasScannedForEncodings = 0;
			knownRegions = (
				en,
				Base,
			);
			mainGroup = 0FF1B2D41F1F5EEF00FB2F88;
			productRefGroup = 0FF1B2DE1F1F5EEF00FB2F88 /* Products */;
			projectDirPath = "";
			projectRoot = "";
			targets = (
				0FF1B2DC1F1F5EEF00FB2F88 /* ZZHttpModel */,
				0FF1B2F51F1F5EEF00FB2F88 /* ZZHttpModelTests */,
				0FF1B3001F1F5EEF00FB2F88 /* ZZHttpModelUITests */,
			);
		};
/* End PBXProject section */

/* Begin PBXResourcesBuildPhase section */
		0FF1B2DB1F1F5EEF00FB2F88 /* Resources */ = {
			isa = PBXResourcesBuildPhase;
			buildActionMask = 2147483647;
			files = (
				0FF1B2F01F1F5EEF00FB2F88 /* LaunchScreen.storyboard in Resources */,
				0FF1B2ED1F1F5EEF00FB2F88 /* Assets.xcassets in Resources */,
				0FF1B2EB1F1F5EEF00FB2F88 /* Main.storyboard in Resources */,
			);
			runOnlyForDeploymentPostprocessing = 0;
		};
		0FF1B2F41F1F5EEF00FB2F88 /* Resources */ = {
			isa = PBXResourcesBuildPhase;
			buildActionMask = 2147483647;
			files = (
			);
			runOnlyForDeploymentPostprocessing = 0;
		};
		0FF1B2FF1F1F5EEF00FB2F88 /* Resources */ = {
			isa = PBXResourcesBuildPhase;
			buildActionMask = 2147483647;
			files = (
			);
			runOnlyForDeploymentPostprocessing = 0;
		};
/* End PBXResourcesBuildPhase section */

/* Begin PBXShellScriptBuildPhase section */
		899D7701BEAC6A384C57EC90 /* [CP] Check Pods Manifest.lock */ = {
			isa = PBXShellScriptBuildPhase;
			buildActionMask = 2147483647;
			files = (
			);
			inputPaths = (
			);
			name = "[CP] Check Pods Manifest.lock";
			outputPaths = (
			);
			runOnlyForDeploymentPostprocessing = 0;
			shellPath = /bin/sh;
			shellScript = "diff \"${PODS_PODFILE_DIR_PATH}/Podfile.lock\" \"${PODS_ROOT}/Manifest.lock\" > /dev/null\nif [ $? != 0 ] ; then\n    # print error to STDERR\n    echo \"error: The sandbox is not in sync with the Podfile.lock. Run 'pod install' or update your CocoaPods installation.\" >&2\n    exit 1\nfi\n";
			showEnvVarsInLog = 0;
		};
		B1C23912D574C1CD6552D925 /* [CP] Copy Pods Resources */ = {
			isa = PBXShellScriptBuildPhase;
			buildActionMask = 2147483647;
			files = (
			);
			inputPaths = (
			);
			name = "[CP] Copy Pods Resources";
			outputPaths = (
			);
			runOnlyForDeploymentPostprocessing = 0;
			shellPath = /bin/sh;
			shellScript = "\"${SRCROOT}/Pods/Target Support Files/Pods-ZZHttpModel/Pods-ZZHttpModel-resources.sh\"\n";
			showEnvVarsInLog = 0;
		};
		E26DE59D2DAE94380C8040BB /* [CP] Embed Pods Frameworks */ = {
			isa = PBXShellScriptBuildPhase;
			buildActionMask = 2147483647;
			files = (
			);
			inputPaths = (
			);
			name = "[CP] Embed Pods Frameworks";
			outputPaths = (
			);
			runOnlyForDeploymentPostprocessing = 0;
			shellPath = /bin/sh;
			shellScript = "\"${SRCROOT}/Pods/Target Support Files/Pods-ZZHttpModel/Pods-ZZHttpModel-frameworks.sh\"\n";
			showEnvVarsInLog = 0;
		};
/* End PBXShellScriptBuildPhase section */

/* Begin PBXSourcesBuildPhase section */
		0FF1B2D91F1F5EEF00FB2F88 /* Sources */ = {
			isa = PBXSourcesBuildPhase;
			buildActionMask = 2147483647;
			files = (
				0FF1B2E81F1F5EEF00FB2F88 /* ViewController.m in Sources */,
				0FF1B2E51F1F5EEF00FB2F88 /* AppDelegate.m in Sources */,
				0FF1B2E21F1F5EEF00FB2F88 /* main.m in Sources */,
				0F8383181F20870A00112139 /* NSJSONSerialization+Extension.m in Sources */,
				0F8383101F2051DB00112139 /* ZZHttpModel.m in Sources */,
				0FF1B3181F1F5F3100FB2F88 /* NSObject+HttpModel.m in Sources */,
				0FF1B3191F1F5F3100FB2F88 /* ZZClassProperty.m in Sources */,
			);
			runOnlyForDeploymentPostprocessing = 0;
		};
		0FF1B2F21F1F5EEF00FB2F88 /* Sources */ = {
			isa = PBXSourcesBuildPhase;
			buildActionMask = 2147483647;
			files = (
				0FF1B2FB1F1F5EEF00FB2F88 /* ZZHttpModelTests.m in Sources */,
			);
			runOnlyForDeploymentPostprocessing = 0;
		};
		0FF1B2FD1F1F5EEF00FB2F88 /* Sources */ = {
			isa = PBXSourcesBuildPhase;
			buildActionMask = 2147483647;
			files = (
				0FF1B3061F1F5EEF00FB2F88 /* ZZHttpModelUITests.m in Sources */,
			);
			runOnlyForDeploymentPostprocessing = 0;
		};
/* End PBXSourcesBuildPhase section */

/* Begin PBXTargetDependency section */
		0FF1B2F81F1F5EEF00FB2F88 /* PBXTargetDependency */ = {
			isa = PBXTargetDependency;
			target = 0FF1B2DC1F1F5EEF00FB2F88 /* ZZHttpModel */;
			targetProxy = 0FF1B2F71F1F5EEF00FB2F88 /* PBXContainerItemProxy */;
		};
		0FF1B3031F1F5EEF00FB2F88 /* PBXTargetDependency */ = {
			isa = PBXTargetDependency;
			target = 0FF1B2DC1F1F5EEF00FB2F88 /* ZZHttpModel */;
			targetProxy = 0FF1B3021F1F5EEF00FB2F88 /* PBXContainerItemProxy */;
		};
/* End PBXTargetDependency section */

/* Begin PBXVariantGroup section */
		0FF1B2E91F1F5EEF00FB2F88 /* Main.storyboard */ = {
			isa = PBXVariantGroup;
			children = (
				0FF1B2EA1F1F5EEF00FB2F88 /* Base */,
			);
			name = Main.storyboard;
			sourceTree = "<group>";
		};
		0FF1B2EE1F1F5EEF00FB2F88 /* LaunchScreen.storyboard */ = {
			isa = PBXVariantGroup;
			children = (
				0FF1B2EF1F1F5EEF00FB2F88 /* Base */,
			);
			name = LaunchScreen.storyboard;
			sourceTree = "<group>";
		};
/* End PBXVariantGroup section */

/* Begin XCBuildConfiguration section */
		0FF1B3081F1F5EEF00FB2F88 /* Debug */ = {
			isa = XCBuildConfiguration;
			buildSettings = {
				ALWAYS_SEARCH_USER_PATHS = NO;
				CLANG_ANALYZER_NONNULL = YES;
				CLANG_ANALYZER_NUMBER_OBJECT_CONVERSION = YES_AGGRESSIVE;
				CLANG_CXX_LANGUAGE_STANDARD = "gnu++0x";
				CLANG_CXX_LIBRARY = "libc++";
				CLANG_ENABLE_MODULES = YES;
				CLANG_ENABLE_OBJC_ARC = YES;
				CLANG_WARN_BOOL_CONVERSION = YES;
				CLANG_WARN_CONSTANT_CONVERSION = YES;
				CLANG_WARN_DIRECT_OBJC_ISA_USAGE = YES_ERROR;
				CLANG_WARN_DOCUMENTATION_COMMENTS = YES;
				CLANG_WARN_EMPTY_BODY = YES;
				CLANG_WARN_ENUM_CONVERSION = YES;
				CLANG_WARN_INFINITE_RECURSION = YES;
				CLANG_WARN_INT_CONVERSION = YES;
				CLANG_WARN_OBJC_ROOT_CLASS = YES_ERROR;
				CLANG_WARN_SUSPICIOUS_MOVE = YES;
				CLANG_WARN_UNREACHABLE_CODE = YES;
				CLANG_WARN__DUPLICATE_METHOD_MATCH = YES;
				"CODE_SIGN_IDENTITY[sdk=iphoneos*]" = "iPhone Developer";
				COPY_PHASE_STRIP = NO;
				DEBUG_INFORMATION_FORMAT = dwarf;
				ENABLE_STRICT_OBJC_MSGSEND = YES;
				ENABLE_TESTABILITY = YES;
				GCC_C_LANGUAGE_STANDARD = gnu99;
				GCC_DYNAMIC_NO_PIC = NO;
				GCC_NO_COMMON_BLOCKS = YES;
				GCC_OPTIMIZATION_LEVEL = 0;
				GCC_PREPROCESSOR_DEFINITIONS = (
					"DEBUG=1",
					"$(inherited)",
				);
				GCC_WARN_64_TO_32_BIT_CONVERSION = YES;
				GCC_WARN_ABOUT_RETURN_TYPE = YES_ERROR;
				GCC_WARN_UNDECLARED_SELECTOR = YES;
				GCC_WARN_UNINITIALIZED_AUTOS = YES_AGGRESSIVE;
				GCC_WARN_UNUSED_FUNCTION = YES;
				GCC_WARN_UNUSED_VARIABLE = YES;
				IPHONEOS_DEPLOYMENT_TARGET = 8.0;
				MTL_ENABLE_DEBUG_INFO = YES;
				ONLY_ACTIVE_ARCH = YES;
				SDKROOT = iphoneos;
			};
			name = Debug;
		};
		0FF1B3091F1F5EEF00FB2F88 /* Release */ = {
			isa = XCBuildConfiguration;
			buildSettings = {
				ALWAYS_SEARCH_USER_PATHS = NO;
				CLANG_ANALYZER_NONNULL = YES;
				CLANG_ANALYZER_NUMBER_OBJECT_CONVERSION = YES_AGGRESSIVE;
				CLANG_CXX_LANGUAGE_STANDARD = "gnu++0x";
				CLANG_CXX_LIBRARY = "libc++";
				CLANG_ENABLE_MODULES = YES;
				CLANG_ENABLE_OBJC_ARC = YES;
				CLANG_WARN_BOOL_CONVERSION = YES;
				CLANG_WARN_CONSTANT_CONVERSION = YES;
				CLANG_WARN_DIRECT_OBJC_ISA_USAGE = YES_ERROR;
				CLANG_WARN_DOCUMENTATION_COMMENTS = YES;
				CLANG_WARN_EMPTY_BODY = YES;
				CLANG_WARN_ENUM_CONVERSION = YES;
				CLANG_WARN_INFINITE_RECURSION = YES;
				CLANG_WARN_INT_CONVERSION = YES;
				CLANG_WARN_OBJC_ROOT_CLASS = YES_ERROR;
				CLANG_WARN_SUSPICIOUS_MOVE = YES;
				CLANG_WARN_UNREACHABLE_CODE = YES;
				CLANG_WARN__DUPLICATE_METHOD_MATCH = YES;
				"CODE_SIGN_IDENTITY[sdk=iphoneos*]" = "iPhone Developer";
				COPY_PHASE_STRIP = NO;
				DEBUG_INFORMATION_FORMAT = "dwarf-with-dsym";
				ENABLE_NS_ASSERTIONS = NO;
				ENABLE_STRICT_OBJC_MSGSEND = YES;
				GCC_C_LANGUAGE_STANDARD = gnu99;
				GCC_NO_COMMON_BLOCKS = YES;
				GCC_WARN_64_TO_32_BIT_CONVERSION = YES;
				GCC_WARN_ABOUT_RETURN_TYPE = YES_ERROR;
				GCC_WARN_UNDECLARED_SELECTOR = YES;
				GCC_WARN_UNINITIALIZED_AUTOS = YES_AGGRESSIVE;
				GCC_WARN_UNUSED_FUNCTION = YES;
				GCC_WARN_UNUSED_VARIABLE = YES;
				IPHONEOS_DEPLOYMENT_TARGET = 8.0;
				MTL_ENABLE_DEBUG_INFO = NO;
				SDKROOT = iphoneos;
				VALIDATE_PRODUCT = YES;
			};
			name = Release;
		};
		0FF1B30B1F1F5EEF00FB2F88 /* Debug */ = {
			isa = XCBuildConfiguration;
			baseConfigurationReference = 38AD58EB47A654AC423DBD92 /* Pods-ZZHttpModel.debug.xcconfig */;
			buildSettings = {
				ASSETCATALOG_COMPILER_APPICON_NAME = AppIcon;
				DEVELOPMENT_TEAM = 6X8465QS7A;
				INFOPLIST_FILE = ZZHttpModel/Info.plist;
				IPHONEOS_DEPLOYMENT_TARGET = 8.0;
				LD_RUNPATH_SEARCH_PATHS = "$(inherited) @executable_path/Frameworks";
				PRODUCT_BUNDLE_IDENTIFIER = com.yellow.zhou.ZZHttpModel;
				PRODUCT_NAME = "$(TARGET_NAME)";
			};
			name = Debug;
		};
		0FF1B30C1F1F5EEF00FB2F88 /* Release */ = {
			isa = XCBuildConfiguration;
			baseConfigurationReference = 7D36E466FF8B563A2971ACFF /* Pods-ZZHttpModel.release.xcconfig */;
			buildSettings = {
				ASSETCATALOG_COMPILER_APPICON_NAME = AppIcon;
				DEVELOPMENT_TEAM = 6X8465QS7A;
				INFOPLIST_FILE = ZZHttpModel/Info.plist;
				IPHONEOS_DEPLOYMENT_TARGET = 8.0;
				LD_RUNPATH_SEARCH_PATHS = "$(inherited) @executable_path/Frameworks";
				PRODUCT_BUNDLE_IDENTIFIER = com.yellow.zhou.ZZHttpModel;
				PRODUCT_NAME = "$(TARGET_NAME)";
			};
			name = Release;
		};
		0FF1B30E1F1F5EEF00FB2F88 /* Debug */ = {
			isa = XCBuildConfiguration;
			buildSettings = {
				BUNDLE_LOADER = "$(TEST_HOST)";
				INFOPLIST_FILE = ZZHttpModelTests/Info.plist;
				LD_RUNPATH_SEARCH_PATHS = "$(inherited) @executable_path/Frameworks @loader_path/Frameworks";
				PRODUCT_BUNDLE_IDENTIFIER = com.yellow.zhou.ZZHttpModelTests;
				PRODUCT_NAME = "$(TARGET_NAME)";
				TEST_HOST = "$(BUILT_PRODUCTS_DIR)/ZZHttpModel.app/ZZHttpModel";
			};
			name = Debug;
		};
		0FF1B30F1F1F5EEF00FB2F88 /* Release */ = {
			isa = XCBuildConfiguration;
			buildSettings = {
				BUNDLE_LOADER = "$(TEST_HOST)";
				INFOPLIST_FILE = ZZHttpModelTests/Info.plist;
				LD_RUNPATH_SEARCH_PATHS = "$(inherited) @executable_path/Frameworks @loader_path/Frameworks";
				PRODUCT_BUNDLE_IDENTIFIER = com.yellow.zhou.ZZHttpModelTests;
				PRODUCT_NAME = "$(TARGET_NAME)";
				TEST_HOST = "$(BUILT_PRODUCTS_DIR)/ZZHttpModel.app/ZZHttpModel";
			};
			name = Release;
		};
		0FF1B3111F1F5EEF00FB2F88 /* Debug */ = {
			isa = XCBuildConfiguration;
			buildSettings = {
				INFOPLIST_FILE = ZZHttpModelUITests/Info.plist;
				LD_RUNPATH_SEARCH_PATHS = "$(inherited) @executable_path/Frameworks @loader_path/Frameworks";
				PRODUCT_BUNDLE_IDENTIFIER = com.yellow.zhou.ZZHttpModelUITests;
				PRODUCT_NAME = "$(TARGET_NAME)";
				TEST_TARGET_NAME = ZZHttpModel;
			};
			name = Debug;
		};
		0FF1B3121F1F5EEF00FB2F88 /* Release */ = {
			isa = XCBuildConfiguration;
			buildSettings = {
				INFOPLIST_FILE = ZZHttpModelUITests/Info.plist;
				LD_RUNPATH_SEARCH_PATHS = "$(inherited) @executable_path/Frameworks @loader_path/Frameworks";
				PRODUCT_BUNDLE_IDENTIFIER = com.yellow.zhou.ZZHttpModelUITests;
				PRODUCT_NAME = "$(TARGET_NAME)";
				TEST_TARGET_NAME = ZZHttpModel;
			};
			name = Release;
		};
/* End XCBuildConfiguration section */

/* Begin XCConfigurationList section */
		0FF1B2D81F1F5EEF00FB2F88 /* Build configuration list for PBXProject "ZZHttpModel" */ = {
			isa = XCConfigurationList;
			buildConfigurations = (
				0FF1B3081F1F5EEF00FB2F88 /* Debug */,
				0FF1B3091F1F5EEF00FB2F88 /* Release */,
			);
			defaultConfigurationIsVisible = 0;
			defaultConfigurationName = Release;
		};
		0FF1B30A1F1F5EEF00FB2F88 /* Build configuration list for PBXNativeTarget "ZZHttpModel" */ = {
			isa = XCConfigurationList;
			buildConfigurations = (
				0FF1B30B1F1F5EEF00FB2F88 /* Debug */,
				0FF1B30C1F1F5EEF00FB2F88 /* Release */,
			);
			defaultConfigurationIsVisible = 0;
			defaultConfigurationName = Release;
		};
		0FF1B30D1F1F5EEF00FB2F88 /* Build configuration list for PBXNativeTarget "ZZHttpModelTests" */ = {
			isa = XCConfigurationList;
			buildConfigurations = (
				0FF1B30E1F1F5EEF00FB2F88 /* Debug */,
				0FF1B30F1F1F5EEF00FB2F88 /* Release */,
			);
			defaultConfigurationIsVisible = 0;
			defaultConfigurationName = Release;
		};
		0FF1B3101F1F5EEF00FB2F88 /* Build configuration list for PBXNativeTarget "ZZHttpModelUITests" */ = {
			isa = XCConfigurationList;
			buildConfigurations = (
				0FF1B3111F1F5EEF00FB2F88 /* Debug */,
				0FF1B3121F1F5EEF00FB2F88 /* Release */,
			);
			defaultConfigurationIsVisible = 0;
			defaultConfigurationName = Release;
		};
/* End XCConfigurationList section */
	};
	rootObject = 0FF1B2D51F1F5EEF00FB2F88 /* Project object */;
}
